- type: entity
  id: FirelockElectronics
  parent: BaseElectronics
  name: електроніка вогнища
  description: Плата електроніки, яка використовується для визначення різниці в тиску, температурі та концентрації газу між двома сторонами дверей.
  components:
    - type: Item
      storedRotation: 0
    - type: Sprite
      sprite: Objects/Misc/module.rsi
      state: mainboard
    - type: Tag
      tags:
      - FirelockElectronics
    - type: StaticPrice
      price: 30 # DeltaV - was 14, made it worth less than it costs to buy ($38.8) to prevent factorio
    - type: PhysicalComposition
      materialComposition:
        Glass: 0
      chemicalComposition:
        Silicon: 20
